
Microsoft Visual Studio Solution File, Format Version 12.00
# Visual Studio Version 17
VisualStudioVersion = 17.14.36221.1
MinimumVisualStudioVersion = 10.0.40219.1
Project("{FAE04EC0-301F-11D3-BF4B-00C04F79EFBC}") = "HappyFitness.Domain", "HappyFitness.Domain\HappyFitness.Domain.csproj", "{A3E17754-1C3E-4005-987B-570A1F437961}"
EndProject
Project("{FAE04EC0-301F-11D3-BF4B-00C04F79EFBC}") = "HappyFitness.Application", "HappyFitness.Application\HappyFitness.Application.csproj", "{3357FB25-91CE-4518-A474-63006B82E6E0}"
EndProject
Project("{FAE04EC0-301F-11D3-BF4B-00C04F79EFBC}") = "HappyFitness.Infrastructure", "HappyFitness.Infrastructure\HappyFitness.Infrastructure.csproj", "{9F40662A-9C95-488E-9CF5-1A8775EC093D}"
EndProject
Project("{2150E333-8FDC-42A3-9474-1A3956D46DE8}") = "info", "info", "{02EA681E-C7D8-13C7-8484-4AC65E1B71E8}"
	ProjectSection(SolutionItems) = preProject
		Learning.txt = Learning.txt
		sources.txt = sources.txt
	EndProjectSection
EndProject
Project("{2150E333-8FDC-42A3-9474-1A3956D46DE8}") = "Client", "Client", "{65E9A924-5C08-48BD-8300-3E5D937B2503}"
EndProject
Project("{FAE04EC0-301F-11D3-BF4B-00C04F79EFBC}") = "HappyFitness.Mobile", "HappyFitness.Mobile\HappyFitness.Mobile.csproj", "{8D341946-68FF-45CD-AD42-05FC26F84B6B}"
EndProject
Project("{FAE04EC0-301F-11D3-BF4B-00C04F79EFBC}") = "HappyFitness.MigrationsHost", "HappyFitness.MigrationsHost\HappyFitness.MigrationsHost.csproj", "{B80E7A37-FD46-4CC8-B2D4-9B30B9CC3DF6}"
EndProject
Global
	GlobalSection(SolutionConfigurationPlatforms) = preSolution
		Debug|Any CPU = Debug|Any CPU
		Release|Any CPU = Release|Any CPU
	EndGlobalSection
	GlobalSection(ProjectConfigurationPlatforms) = postSolution
		{A3E17754-1C3E-4005-987B-570A1F437961}.Debug|Any CPU.ActiveCfg = Debug|Any CPU
		{A3E17754-1C3E-4005-987B-570A1F437961}.Debug|Any CPU.Build.0 = Debug|Any CPU
		{A3E17754-1C3E-4005-987B-570A1F437961}.Release|Any CPU.ActiveCfg = Release|Any CPU
		{A3E17754-1C3E-4005-987B-570A1F437961}.Release|Any CPU.Build.0 = Release|Any CPU
		{3357FB25-91CE-4518-A474-63006B82E6E0}.Debug|Any CPU.ActiveCfg = Debug|Any CPU
		{3357FB25-91CE-4518-A474-63006B82E6E0}.Debug|Any CPU.Build.0 = Debug|Any CPU
		{3357FB25-91CE-4518-A474-63006B82E6E0}.Release|Any CPU.ActiveCfg = Release|Any CPU
		{3357FB25-91CE-4518-A474-63006B82E6E0}.Release|Any CPU.Build.0 = Release|Any CPU
		{9F40662A-9C95-488E-9CF5-1A8775EC093D}.Debug|Any CPU.ActiveCfg = Debug|Any CPU
		{9F40662A-9C95-488E-9CF5-1A8775EC093D}.Debug|Any CPU.Build.0 = Debug|Any CPU
		{9F40662A-9C95-488E-9CF5-1A8775EC093D}.Release|Any CPU.ActiveCfg = Release|Any CPU
		{9F40662A-9C95-488E-9CF5-1A8775EC093D}.Release|Any CPU.Build.0 = Release|Any CPU
		{8D341946-68FF-45CD-AD42-05FC26F84B6B}.Debug|Any CPU.ActiveCfg = Debug|Any CPU
		{8D341946-68FF-45CD-AD42-05FC26F84B6B}.Debug|Any CPU.Build.0 = Debug|Any CPU
		{8D341946-68FF-45CD-AD42-05FC26F84B6B}.Debug|Any CPU.Deploy.0 = Debug|Any CPU
		{8D341946-68FF-45CD-AD42-05FC26F84B6B}.Release|Any CPU.ActiveCfg = Release|Any CPU
		{8D341946-68FF-45CD-AD42-05FC26F84B6B}.Release|Any CPU.Build.0 = Release|Any CPU
		{B80E7A37-FD46-4CC8-B2D4-9B30B9CC3DF6}.Debug|Any CPU.ActiveCfg = Debug|Any CPU
		{B80E7A37-FD46-4CC8-B2D4-9B30B9CC3DF6}.Debug|Any CPU.Build.0 = Debug|Any CPU
		{B80E7A37-FD46-4CC8-B2D4-9B30B9CC3DF6}.Release|Any CPU.ActiveCfg = Release|Any CPU
		{B80E7A37-FD46-4CC8-B2D4-9B30B9CC3DF6}.Release|Any CPU.Build.0 = Release|Any CPU
	EndGlobalSection
	GlobalSection(SolutionProperties) = preSolution
		HideSolutionNode = FALSE
	EndGlobalSection
	GlobalSection(NestedProjects) = preSolution
		{8D341946-68FF-45CD-AD42-05FC26F84B6B} = {65E9A924-5C08-48BD-8300-3E5D937B2503}
	EndGlobalSection
	GlobalSection(ExtensibilityGlobals) = postSolution
		SolutionGuid = {67BB6A15-97B5-4B3A-ABF7-83463DEE64C0}
	EndGlobalSection
EndGlobal
